
Microsoft Visual Studio Solution File, Format Version 12.00
# Visual Studio Version 17
VisualStudioVersion = 17.7.34031.279
MinimumVisualStudioVersion = 10.0.40219.1
Project("{FAE04EC0-301F-11D3-BF4B-00C04F79EFBC}") = "GTAIVMortorCycleTrafficOnly", "GTAIVMortorCycleTrafficOnly\GTAIVMortorCycleTrafficOnly.csproj", "{99EBFB76-A5D1-4811-B1D8-315ECFEA433E}"
EndProject
Global
	GlobalSection(SolutionConfigurationPlatforms) = preSolution
		Debug|Any CPU = Debug|Any CPU
		Release|Any CPU = Release|Any CPU
	EndGlobalSection
	GlobalSection(ProjectConfigurationPlatforms) = postSolution
		{99EBFB76-A5D1-4811-B1D8-315ECFEA433E}.Debug|Any CPU.ActiveCfg = Debug|Any CPU
		{99EBFB76-A5D1-4811-B1D8-315ECFEA433E}.Debug|Any CPU.Build.0 = Debug|Any CPU
		{99EBFB76-A5D1-4811-B1D8-315ECFEA433E}.Release|Any CPU.ActiveCfg = Release|Any CPU
		{99EBFB76-A5D1-4811-B1D8-315ECFEA433E}.Release|Any CPU.Build.0 = Release|Any CPU
	EndGlobalSection
	GlobalSection(SolutionProperties) = preSolution
		HideSolutionNode = FALSE
	EndGlobalSection
	GlobalSection(ExtensibilityGlobals) = postSolution
		SolutionGuid = {13170E31-E3EA-415B-AFAC-73DE78B8F53A}
	EndGlobalSection
EndGlobal
